// !$*UTF8*$!
{
	archiveVersion = 1;
	classes = {
	};
	objectVersion = 60;
	objects = {

/* Begin PBXBuildFile section */
		001FB8822C29535F00760E95 /* url.swift in Sources */ = {isa = PBXBuildFile; fileRef = 001FB8812C29535F00760E95 /* url.swift */; };
		003BBC2C2C2ACCAE00C3E2F3 /* dylib-Info-template.plist in Resources */ = {isa = PBXBuildFile; fileRef = 003BBC2B2C2ACCAE00C3E2F3 /* dylib-Info-template.plist */; };
		003BBC2E2C2ACCF100C3E2F3 /* getytbinfo.py in Resources */ = {isa = PBXBuildFile; fileRef = 003BBC2D2C2ACCF100C3E2F3 /* getytbinfo.py */; };
		003BBC312C2ACD4F00C3E2F3 /* Python.xcframework in Frameworks */ = {isa = PBXBuildFile; fileRef = 003BBC2F2C2ACD4F00C3E2F3 /* Python.xcframework */; };
		003BBC322C2ACD4F00C3E2F3 /* python-stdlib in Resources */ = {isa = PBXBuildFile; fileRef = 003BBC302C2ACD4F00C3E2F3 /* python-stdlib */; };
		003BBC352C2ACDC100C3E2F3 /* PythonKit in Frameworks */ = {isa = PBXBuildFile; productRef = 003BBC342C2ACDC100C3E2F3 /* PythonKit */; };
		0082F90F2C1AE5B200A3DD4C /* Model.swift in Sources */ = {isa = PBXBuildFile; fileRef = 0082F90E2C1AE5B200A3DD4C /* Model.swift */; };
		4E38E97D2C18A476009D14B2 /* RealityKitContent in Frameworks */ = {isa = PBXBuildFile; productRef = 4E38E97C2C18A476009D14B2 /* RealityKitContent */; };
		4E38E97F2C18A476009D14B2 /* InnoDemoApp.swift in Sources */ = {isa = PBXBuildFile; fileRef = 4E38E97E2C18A476009D14B2 /* InnoDemoApp.swift */; };
		4E38E9812C18A476009D14B2 /* ContentView.swift in Sources */ = {isa = PBXBuildFile; fileRef = 4E38E9802C18A476009D14B2 /* ContentView.swift */; };
		4E38E9832C18A476009D14B2 /* ImmersiveView.swift in Sources */ = {isa = PBXBuildFile; fileRef = 4E38E9822C18A476009D14B2 /* ImmersiveView.swift */; };
		4E38E9852C18A476009D14B2 /* ImageBasedLighting.skybox in Resources */ = {isa = PBXBuildFile; fileRef = 4E38E9842C18A476009D14B2 /* ImageBasedLighting.skybox */; };
		4E38E9872C18A478009D14B2 /* Assets.xcassets in Resources */ = {isa = PBXBuildFile; fileRef = 4E38E9862C18A478009D14B2 /* Assets.xcassets */; };
		4E38E98A2C18A478009D14B2 /* Preview Assets.xcassets in Resources */ = {isa = PBXBuildFile; fileRef = 4E38E9892C18A478009D14B2 /* Preview Assets.xcassets */; };
		4EF967962C19E14B0041C0B6 /* PlayerCore in Frameworks */ = {isa = PBXBuildFile; productRef = 4EF967952C19E14B0041C0B6 /* PlayerCore */; };
/* End PBXBuildFile section */

/* Begin PBXFileReference section */
		001FB8812C29535F00760E95 /* url.swift */ = {isa = PBXFileReference; lastKnownFileType = sourcecode.swift; path = url.swift; sourceTree = "<group>"; };
		003BBC2B2C2ACCAE00C3E2F3 /* dylib-Info-template.plist */ = {isa = PBXFileReference; fileEncoding = 4; lastKnownFileType = text.plist.xml; path = "dylib-Info-template.plist"; sourceTree = "<group>"; };
		003BBC2D2C2ACCF100C3E2F3 /* getytbinfo.py */ = {isa = PBXFileReference; fileEncoding = 4; lastKnownFileType = text.script.python; path = getytbinfo.py; sourceTree = "<group>"; };
		003BBC2F2C2ACD4F00C3E2F3 /* Python.xcframework */ = {isa = PBXFileReference; lastKnownFileType = wrapper.xcframework; path = Python.xcframework; sourceTree = "<group>"; };
		003BBC302C2ACD4F00C3E2F3 /* python-stdlib */ = {isa = PBXFileReference; lastKnownFileType = folder; path = "python-stdlib"; sourceTree = "<group>"; };
		0082F90E2C1AE5B200A3DD4C /* Model.swift */ = {isa = PBXFileReference; lastKnownFileType = sourcecode.swift; path = Model.swift; sourceTree = "<group>"; };
		4E38E9772C18A476009D14B2 /* InnoDemo.app */ = {isa = PBXFileReference; explicitFileType = wrapper.application; includeInIndex = 0; path = InnoDemo.app; sourceTree = BUILT_PRODUCTS_DIR; };
		4E38E97B2C18A476009D14B2 /* RealityKitContent */ = {isa = PBXFileReference; lastKnownFileType = wrapper; path = RealityKitContent; sourceTree = "<group>"; };
		4E38E97E2C18A476009D14B2 /* InnoDemoApp.swift */ = {isa = PBXFileReference; lastKnownFileType = sourcecode.swift; path = InnoDemoApp.swift; sourceTree = "<group>"; };
		4E38E9802C18A476009D14B2 /* ContentView.swift */ = {isa = PBXFileReference; lastKnownFileType = sourcecode.swift; path = ContentView.swift; sourceTree = "<group>"; };
		4E38E9822C18A476009D14B2 /* ImmersiveView.swift */ = {isa = PBXFileReference; lastKnownFileType = sourcecode.swift; path = ImmersiveView.swift; sourceTree = "<group>"; };
		4E38E9842C18A476009D14B2 /* ImageBasedLighting.skybox */ = {isa = PBXFileReference; lastKnownFileType = file.skybox; path = ImageBasedLighting.skybox; sourceTree = "<group>"; };
		4E38E9862C18A478009D14B2 /* Assets.xcassets */ = {isa = PBXFileReference; lastKnownFileType = folder.assetcatalog; path = Assets.xcassets; sourceTree = "<group>"; };
		4E38E9892C18A478009D14B2 /* Preview Assets.xcassets */ = {isa = PBXFileReference; lastKnownFileType = folder.assetcatalog; path = "Preview Assets.xcassets"; sourceTree = "<group>"; };
		4E38E98B2C18A478009D14B2 /* Info.plist */ = {isa = PBXFileReference; lastKnownFileType = text.plist.xml; path = Info.plist; sourceTree = "<group>"; };
/* End PBXFileReference section */

/* Begin PBXFrameworksBuildPhase section */
		4E38E9742C18A476009D14B2 /* Frameworks */ = {
			isa = PBXFrameworksBuildPhase;
			buildActionMask = 2147483647;
			files = (
				4EF967962C19E14B0041C0B6 /* PlayerCore in Frameworks */,
				003BBC312C2ACD4F00C3E2F3 /* Python.xcframework in Frameworks */,
				4E38E97D2C18A476009D14B2 /* RealityKitContent in Frameworks */,
				003BBC352C2ACDC100C3E2F3 /* PythonKit in Frameworks */,
			);
			runOnlyForDeploymentPostprocessing = 0;
		};
/* End PBXFrameworksBuildPhase section */

/* Begin PBXGroup section */
		4E38E96E2C18A476009D14B2 = {
			isa = PBXGroup;
			children = (
				003BBC2D2C2ACCF100C3E2F3 /* getytbinfo.py */,
				4E38E9792C18A476009D14B2 /* InnoDemo */,
				4E38E97A2C18A476009D14B2 /* Packages */,
				4E38E9782C18A476009D14B2 /* Products */,
				4EEA77A82C19B9ED00A761B3 /* Frameworks */,
			);
			sourceTree = "<group>";
		};
		4E38E9782C18A476009D14B2 /* Products */ = {
			isa = PBXGroup;
			children = (
				4E38E9772C18A476009D14B2 /* InnoDemo.app */,
			);
			name = Products;
			sourceTree = "<group>";
		};
		4E38E9792C18A476009D14B2 /* InnoDemo */ = {
			isa = PBXGroup;
			children = (
				003BBC2B2C2ACCAE00C3E2F3 /* dylib-Info-template.plist */,
				4E38E97E2C18A476009D14B2 /* InnoDemoApp.swift */,
				4E38E9802C18A476009D14B2 /* ContentView.swift */,
				4E38E9822C18A476009D14B2 /* ImmersiveView.swift */,
				4E38E9842C18A476009D14B2 /* ImageBasedLighting.skybox */,
				4E38E9862C18A478009D14B2 /* Assets.xcassets */,
				4E38E98B2C18A478009D14B2 /* Info.plist */,
				4E38E9882C18A478009D14B2 /* Preview Content */,
				0082F90E2C1AE5B200A3DD4C /* Model.swift */,
				001FB8812C29535F00760E95 /* url.swift */,
			);
			path = InnoDemo;
			sourceTree = "<group>";
		};
		4E38E97A2C18A476009D14B2 /* Packages */ = {
			isa = PBXGroup;
			children = (
				4E38E97B2C18A476009D14B2 /* RealityKitContent */,
			);
			path = Packages;
			sourceTree = "<group>";
		};
		4E38E9882C18A478009D14B2 /* Preview Content */ = {
			isa = PBXGroup;
			children = (
				4E38E9892C18A478009D14B2 /* Preview Assets.xcassets */,
			);
			path = "Preview Content";
			sourceTree = "<group>";
		};
		4EEA77A82C19B9ED00A761B3 /* Frameworks */ = {
			isa = PBXGroup;
			children = (
				003BBC302C2ACD4F00C3E2F3 /* python-stdlib */,
				003BBC2F2C2ACD4F00C3E2F3 /* Python.xcframework */,
			);
			name = Frameworks;
			sourceTree = "<group>";
		};
/* End PBXGroup section */

/* Begin PBXNativeTarget section */
		4E38E9762C18A476009D14B2 /* InnoDemo */ = {
			isa = PBXNativeTarget;
			buildConfigurationList = 4E38E98E2C18A478009D14B2 /* Build configuration list for PBXNativeTarget "InnoDemo" */;
			buildPhases = (
				4E38E9732C18A476009D14B2 /* Sources */,
				4E38E9742C18A476009D14B2 /* Frameworks */,
				4E38E9752C18A476009D14B2 /* Resources */,
				003BBC362C2ACE6200C3E2F3 /* Purge */,
				003BBC372C2ACE9100C3E2F3 /* Code sign */,
			);
			buildRules = (
			);
			dependencies = (
			);
			name = InnoDemo;
			packageProductDependencies = (
				4E38E97C2C18A476009D14B2 /* RealityKitContent */,
				4EF967952C19E14B0041C0B6 /* PlayerCore */,
				003BBC342C2ACDC100C3E2F3 /* PythonKit */,
			);
			productName = InnoDemo;
			productReference = 4E38E9772C18A476009D14B2 /* InnoDemo.app */;
			productType = "com.apple.product-type.application";
		};
/* End PBXNativeTarget section */

/* Begin PBXProject section */
		4E38E96F2C18A476009D14B2 /* Project object */ = {
			isa = PBXProject;
			attributes = {
				BuildIndependentTargetsInParallel = 1;
				LastSwiftUpdateCheck = 1530;
				LastUpgradeCheck = 1530;
				TargetAttributes = {
					4E38E9762C18A476009D14B2 = {
						CreatedOnToolsVersion = 15.3;
					};
				};
			};
			buildConfigurationList = 4E38E9722C18A476009D14B2 /* Build configuration list for PBXProject "InnoDemo" */;
			compatibilityVersion = "Xcode 14.0";
			developmentRegion = en;
			hasScannedForEncodings = 0;
			knownRegions = (
				en,
				Base,
			);
			mainGroup = 4E38E96E2C18A476009D14B2;
			packageReferences = (
				4EEA77AF2C19CBA400A761B3 /* XCLocalSwiftPackageReference "../PlayerCore" */,
				003BBC332C2ACDC100C3E2F3 /* XCRemoteSwiftPackageReference "PythonKit" */,
			);
			productRefGroup = 4E38E9782C18A476009D14B2 /* Products */;
			projectDirPath = "";
			projectRoot = "";
			targets = (
				4E38E9762C18A476009D14B2 /* InnoDemo */,
			);
		};
/* End PBXProject section */

/* Begin PBXResourcesBuildPhase section */
		4E38E9752C18A476009D14B2 /* Resources */ = {
			isa = PBXResourcesBuildPhase;
			buildActionMask = 2147483647;
			files = (
				4E38E9872C18A478009D14B2 /* Assets.xcassets in Resources */,
				003BBC2C2C2ACCAE00C3E2F3 /* dylib-Info-template.plist in Resources */,
				003BBC322C2ACD4F00C3E2F3 /* python-stdlib in Resources */,
				003BBC2E2C2ACCF100C3E2F3 /* getytbinfo.py in Resources */,
				4E38E98A2C18A478009D14B2 /* Preview Assets.xcassets in Resources */,
				4E38E9852C18A476009D14B2 /* ImageBasedLighting.skybox in Resources */,
			);
			runOnlyForDeploymentPostprocessing = 0;
		};
/* End PBXResourcesBuildPhase section */

/* Begin PBXShellScriptBuildPhase section */
		003BBC362C2ACE6200C3E2F3 /* Purge */ = {
			isa = PBXShellScriptBuildPhase;
			buildActionMask = 2147483647;
			files = (
			);
			inputFileListPaths = (
			);
			inputPaths = (
			);
			name = Purge;
			outputFileListPaths = (
			);
			outputPaths = (
			);
			runOnlyForDeploymentPostprocessing = 0;
			shellPath = /bin/sh;
			shellScript = "# Type a script or drag a script file from your workspace to insert its path.\nif [ \"$EFFECTIVE_PLATFORM_NAME\" = \"-xrsimulator\" ]; then\n    echo \"Purging Python modules for iOS Device\"\n    find \"$CODESIGNING_FOLDER_PATH/python-stdlib\" -name \"*.*-xros.dylib\" -exec rm -f \"{}\" \\;\nelse\n    echo \"Purging Python modules for iOS Simulator\"\n    find \"$CODESIGNING_FOLDER_PATH\" -name \"*.*-xrsimulator.dylib\" -exec rm -f \"{}\" \\;\nfi\n";
		};
		003BBC372C2ACE9100C3E2F3 /* Code sign */ = {
			isa = PBXShellScriptBuildPhase;
			buildActionMask = 2147483647;
			files = (
			);
			inputFileListPaths = (
			);
			inputPaths = (
			);
			name = "Code sign";
			outputFileListPaths = (
			);
			outputPaths = (
			);
			runOnlyForDeploymentPostprocessing = 0;
			shellPath = /bin/sh;
			shellScript = "# Type a script or drag a script file from your workspace to insert its path.\nset -e\n\ninstall_dylib () {\n    INSTALL_BASE=$1\n    FULL_DYLIB=$2\n\n    # The name of the .dylib file\n    DYLIB=$(basename \"$FULL_DYLIB\")\n    # The name of the .dylib file, relative to the install base\n    RELATIVE_DYLIB=${FULL_DYLIB#$CODESIGNING_FOLDER_PATH/$INSTALL_BASE/}\n    # The (hopefully unique) name of the framework, constructed by replacing path\n    # separators in the relative name with underscores.\n    FRAMEWORK_NAME=$(echo $RELATIVE_DYLIB | cut -d \".\" -f 1 | tr \"/\" \"_\");\n    # A bundle identifier; not actually used, but required by Xcode framework packaging\n    FRAMEWORK_BUNDLE_ID=$(echo $PRODUCT_BUNDLE_IDENTIFIER.$FRAMEWORK_NAME | tr \"_\" \"-\")\n    # The name of the framework folder.\n    FRAMEWORK_FOLDER=\"Frameworks/$FRAMEWORK_NAME.framework\"\n\n    # If the framework folder doesn't exist, create it.\n    if [ ! -d \"$CODESIGNING_FOLDER_PATH/$FRAMEWORK_FOLDER\" ]; then\n        echo \"Creating framework for $RELATIVE_DYLIB\"\n        mkdir -p \"$CODESIGNING_FOLDER_PATH/$FRAMEWORK_FOLDER\"\n\n        cp \"$CODESIGNING_FOLDER_PATH/dylib-Info-template.plist\" \"$CODESIGNING_FOLDER_PATH/$FRAMEWORK_FOLDER/Info.plist\"\n        defaults write \"$CODESIGNING_FOLDER_PATH/$FRAMEWORK_FOLDER/Info.plist\" CFBundleExecutable -string \"$DYLIB\"\n        defaults write \"$CODESIGNING_FOLDER_PATH/$FRAMEWORK_FOLDER/Info.plist\" CFBundleIdentifier -string \"$FRAMEWORK_BUNDLE_ID\"\n    fi\n\n    echo \"Installing binary for $RELATIVE_DYLIB\"\n    mv \"$FULL_DYLIB\" \"$CODESIGNING_FOLDER_PATH/$FRAMEWORK_FOLDER\"\n}\n\necho \"Install standard library dylibs...\"\nfind \"$CODESIGNING_FOLDER_PATH/python-stdlib/lib-dynload\" -name \"*.dylib\" | while read FULL_DYLIB; do\n    install_dylib python-stdlib/lib-dynload \"$FULL_DYLIB\"\ndone\n\n# Clean up dylib template\nrm -f \"$CODESIGNING_FOLDER_PATH/dylib-Info-template.plist\"\n\n\necho \"Signing frameworks as $EXPANDED_CODE_SIGN_IDENTITY_NAME ($EXPANDED_CODE_SIGN_IDENTITY)...\"\nfind \"$CODESIGNING_FOLDER_PATH/Frameworks\" -name \"*.framework\" -exec /usr/bin/codesign --force --sign \"$EXPANDED_CODE_SIGN_IDENTITY\" ${OTHER_CODE_SIGN_FLAGS:-} -o runtime --timestamp=none --preserve-metadata=identifier,entitlements,flags --generate-entitlement-der \"{}\" \\;\n";
		};
/* End PBXShellScriptBuildPhase section */

/* Begin PBXSourcesBuildPhase section */
		4E38E9732C18A476009D14B2 /* Sources */ = {
			isa = PBXSourcesBuildPhase;
			buildActionMask = 2147483647;
			files = (
				4E38E9812C18A476009D14B2 /* ContentView.swift in Sources */,
				4E38E97F2C18A476009D14B2 /* InnoDemoApp.swift in Sources */,
				001FB8822C29535F00760E95 /* url.swift in Sources */,
				4E38E9832C18A476009D14B2 /* ImmersiveView.swift in Sources */,
				0082F90F2C1AE5B200A3DD4C /* Model.swift in Sources */,
			);
			runOnlyForDeploymentPostprocessing = 0;
		};
/* End PBXSourcesBuildPhase section */

/* Begin XCBuildConfiguration section */
		4E38E98C2C18A478009D14B2 /* Debug */ = {
			isa = XCBuildConfiguration;
			buildSettings = {
				ALWAYS_SEARCH_USER_PATHS = NO;
				ASSETCATALOG_COMPILER_GENERATE_SWIFT_ASSET_SYMBOL_EXTENSIONS = YES;
				CLANG_ANALYZER_NONNULL = YES;
				CLANG_ANALYZER_NUMBER_OBJECT_CONVERSION = YES_AGGRESSIVE;
				CLANG_CXX_LANGUAGE_STANDARD = "gnu++20";
				CLANG_ENABLE_MODULES = YES;
				CLANG_ENABLE_OBJC_ARC = YES;
				CLANG_ENABLE_OBJC_WEAK = YES;
				CLANG_WARN_BLOCK_CAPTURE_AUTORELEASING = YES;
				CLANG_WARN_BOOL_CONVERSION = YES;
				CLANG_WARN_COMMA = YES;
				CLANG_WARN_CONSTANT_CONVERSION = YES;
				CLANG_WARN_DEPRECATED_OBJC_IMPLEMENTATIONS = YES;
				CLANG_WARN_DIRECT_OBJC_ISA_USAGE = YES_ERROR;
				CLANG_WARN_DOCUMENTATION_COMMENTS = YES;
				CLANG_WARN_EMPTY_BODY = YES;
				CLANG_WARN_ENUM_CONVERSION = YES;
				CLANG_WARN_INFINITE_RECURSION = YES;
				CLANG_WARN_INT_CONVERSION = YES;
				CLANG_WARN_NON_LITERAL_NULL_CONVERSION = YES;
				CLANG_WARN_OBJC_IMPLICIT_RETAIN_SELF = YES;
				CLANG_WARN_OBJC_LITERAL_CONVERSION = YES;
				CLANG_WARN_OBJC_ROOT_CLASS = YES_ERROR;
				CLANG_WARN_QUOTED_INCLUDE_IN_FRAMEWORK_HEADER = YES;
				CLANG_WARN_RANGE_LOOP_ANALYSIS = YES;
				CLANG_WARN_STRICT_PROTOTYPES = YES;
				CLANG_WARN_SUSPICIOUS_MOVE = YES;
				CLANG_WARN_UNGUARDED_AVAILABILITY = YES_AGGRESSIVE;
				CLANG_WARN_UNREACHABLE_CODE = YES;
				CLANG_WARN__DUPLICATE_METHOD_MATCH = YES;
				COPY_PHASE_STRIP = NO;
				DEBUG_INFORMATION_FORMAT = dwarf;
				ENABLE_STRICT_OBJC_MSGSEND = YES;
				ENABLE_TESTABILITY = YES;
				ENABLE_USER_SCRIPT_SANDBOXING = NO;
				GCC_C_LANGUAGE_STANDARD = gnu17;
				GCC_DYNAMIC_NO_PIC = NO;
				GCC_NO_COMMON_BLOCKS = YES;
				GCC_OPTIMIZATION_LEVEL = 0;
				GCC_PREPROCESSOR_DEFINITIONS = (
					"DEBUG=1",
					"$(inherited)",
				);
				GCC_WARN_64_TO_32_BIT_CONVERSION = YES;
				GCC_WARN_ABOUT_RETURN_TYPE = YES_ERROR;
				GCC_WARN_UNDECLARED_SELECTOR = YES;
				GCC_WARN_UNINITIALIZED_AUTOS = YES_AGGRESSIVE;
				GCC_WARN_UNUSED_FUNCTION = YES;
				GCC_WARN_UNUSED_VARIABLE = YES;
				LOCALIZATION_PREFERS_STRING_CATALOGS = YES;
				MTL_ENABLE_DEBUG_INFO = INCLUDE_SOURCE;
				MTL_FAST_MATH = YES;
				ONLY_ACTIVE_ARCH = YES;
				SDKROOT = xros;
				SWIFT_ACTIVE_COMPILATION_CONDITIONS = "DEBUG $(inherited)";
				SWIFT_OPTIMIZATION_LEVEL = "-Onone";
				XROS_DEPLOYMENT_TARGET = 1.1;
			};
			name = Debug;
		};
		4E38E98D2C18A478009D14B2 /* Release */ = {
			isa = XCBuildConfiguration;
			buildSettings = {
				ALWAYS_SEARCH_USER_PATHS = NO;
				ASSETCATALOG_COMPILER_GENERATE_SWIFT_ASSET_SYMBOL_EXTENSIONS = YES;
				CLANG_ANALYZER_NONNULL = YES;
				CLANG_ANALYZER_NUMBER_OBJECT_CONVERSION = YES_AGGRESSIVE;
				CLANG_CXX_LANGUAGE_STANDARD = "gnu++20";
				CLANG_ENABLE_MODULES = YES;
				CLANG_ENABLE_OBJC_ARC = YES;
				CLANG_ENABLE_OBJC_WEAK = YES;
				CLANG_WARN_BLOCK_CAPTURE_AUTORELEASING = YES;
				CLANG_WARN_BOOL_CONVERSION = YES;
				CLANG_WARN_COMMA = YES;
				CLANG_WARN_CONSTANT_CONVERSION = YES;
				CLANG_WARN_DEPRECATED_OBJC_IMPLEMENTATIONS = YES;
				CLANG_WARN_DIRECT_OBJC_ISA_USAGE = YES_ERROR;
				CLANG_WARN_DOCUMENTATION_COMMENTS = YES;
				CLANG_WARN_EMPTY_BODY = YES;
				CLANG_WARN_ENUM_CONVERSION = YES;
				CLANG_WARN_INFINITE_RECURSION = YES;
				CLANG_WARN_INT_CONVERSION = YES;
				CLANG_WARN_NON_LITERAL_NULL_CONVERSION = YES;
				CLANG_WARN_OBJC_IMPLICIT_RETAIN_SELF = YES;
				CLANG_WARN_OBJC_LITERAL_CONVERSION = YES;
				CLANG_WARN_OBJC_ROOT_CLASS = YES_ERROR;
				CLANG_WARN_QUOTED_INCLUDE_IN_FRAMEWORK_HEADER = YES;
				CLANG_WARN_RANGE_LOOP_ANALYSIS = YES;
				CLANG_WARN_STRICT_PROTOTYPES = YES;
				CLANG_WARN_SUSPICIOUS_MOVE = YES;
				CLANG_WARN_UNGUARDED_AVAILABILITY = YES_AGGRESSIVE;
				CLANG_WARN_UNREACHABLE_CODE = YES;
				CLANG_WARN__DUPLICATE_METHOD_MATCH = YES;
				COPY_PHASE_STRIP = NO;
				DEBUG_INFORMATION_FORMAT = "dwarf-with-dsym";
				ENABLE_NS_ASSERTIONS = NO;
				ENABLE_STRICT_OBJC_MSGSEND = YES;
				ENABLE_USER_SCRIPT_SANDBOXING = NO;
				GCC_C_LANGUAGE_STANDARD = gnu17;
				GCC_NO_COMMON_BLOCKS = YES;
				GCC_WARN_64_TO_32_BIT_CONVERSION = YES;
				GCC_WARN_ABOUT_RETURN_TYPE = YES_ERROR;
				GCC_WARN_UNDECLARED_SELECTOR = YES;
				GCC_WARN_UNINITIALIZED_AUTOS = YES_AGGRESSIVE;
				GCC_WARN_UNUSED_FUNCTION = YES;
				GCC_WARN_UNUSED_VARIABLE = YES;
				LOCALIZATION_PREFERS_STRING_CATALOGS = YES;
				MTL_ENABLE_DEBUG_INFO = NO;
				MTL_FAST_MATH = YES;
				SDKROOT = xros;
				SWIFT_COMPILATION_MODE = wholemodule;
				VALIDATE_PRODUCT = YES;
				XROS_DEPLOYMENT_TARGET = 1.1;
			};
			name = Release;
		};
		4E38E98F2C18A478009D14B2 /* Debug */ = {
			isa = XCBuildConfiguration;
			buildSettings = {
				ASSETCATALOG_COMPILER_APPICON_NAME = AppIcon;
				ASSETCATALOG_COMPILER_GLOBAL_ACCENT_COLOR_NAME = AccentColor;
				CODE_SIGN_STYLE = Automatic;
				CURRENT_PROJECT_VERSION = 1;
				DEAD_CODE_STRIPPING = NO;
				DEVELOPMENT_ASSET_PATHS = "\"InnoDemo/Preview Content\"";
				DEVELOPMENT_TEAM = TW8SS868PP;
				ENABLE_PREVIEWS = YES;
				GENERATE_INFOPLIST_FILE = YES;
				INFOPLIST_FILE = "$(TARGET_NAME)/Info.plist";
				LD_RUNPATH_SEARCH_PATHS = (
					"$(inherited)",
					"@executable_path/Frameworks",
				);
				MARKETING_VERSION = 1.0;
				PRODUCT_BUNDLE_IDENTIFIER = online.libobjc.InnoDemo;
				PRODUCT_NAME = "$(TARGET_NAME)";
				SUPPORTED_PLATFORMS = "xros xrsimulator";
				SWIFT_EMIT_LOC_STRINGS = YES;
				SWIFT_VERSION = 5.0;
				TARGETED_DEVICE_FAMILY = "1,2,7";
				XROS_DEPLOYMENT_TARGET = 1.0;
			};
			name = Debug;
		};
		4E38E9902C18A478009D14B2 /* Release */ = {
			isa = XCBuildConfiguration;
			buildSettings = {
				ASSETCATALOG_COMPILER_APPICON_NAME = AppIcon;
				ASSETCATALOG_COMPILER_GLOBAL_ACCENT_COLOR_NAME = AccentColor;
				CODE_SIGN_STYLE = Automatic;
				CURRENT_PROJECT_VERSION = 1;
				DEAD_CODE_STRIPPING = NO;
				DEVELOPMENT_ASSET_PATHS = "\"InnoDemo/Preview Content\"";
				DEVELOPMENT_TEAM = TW8SS868PP;
				ENABLE_PREVIEWS = YES;
				GENERATE_INFOPLIST_FILE = YES;
				INFOPLIST_FILE = "$(TARGET_NAME)/Info.plist";
				LD_RUNPATH_SEARCH_PATHS = (
					"$(inherited)",
					"@executable_path/Frameworks",
				);
				MARKETING_VERSION = 1.0;
				PRODUCT_BUNDLE_IDENTIFIER = online.libobjc.InnoDemo;
				PRODUCT_NAME = "$(TARGET_NAME)";
				SUPPORTED_PLATFORMS = "xros xrsimulator";
				SWIFT_EMIT_LOC_STRINGS = YES;
				SWIFT_VERSION = 5.0;
				TARGETED_DEVICE_FAMILY = "1,2,7";
				XROS_DEPLOYMENT_TARGET = 1.0;
			};
			name = Release;
		};
/* End XCBuildConfiguration section */

/* Begin XCConfigurationList section */
		4E38E9722C18A476009D14B2 /* Build configuration list for PBXProject "InnoDemo" */ = {
			isa = XCConfigurationList;
			buildConfigurations = (
				4E38E98C2C18A478009D14B2 /* Debug */,
				4E38E98D2C18A478009D14B2 /* Release */,
			);
			defaultConfigurationIsVisible = 0;
			defaultConfigurationName = Release;
		};
		4E38E98E2C18A478009D14B2 /* Build configuration list for PBXNativeTarget "InnoDemo" */ = {
			isa = XCConfigurationList;
			buildConfigurations = (
				4E38E98F2C18A478009D14B2 /* Debug */,
				4E38E9902C18A478009D14B2 /* Release */,
			);
			defaultConfigurationIsVisible = 0;
			defaultConfigurationName = Release;
		};
/* End XCConfigurationList section */

/* Begin XCLocalSwiftPackageReference section */
		4EEA77AF2C19CBA400A761B3 /* XCLocalSwiftPackageReference "../PlayerCore" */ = {
			isa = XCLocalSwiftPackageReference;
			relativePath = ../PlayerCore;
		};
/* End XCLocalSwiftPackageReference section */

/* Begin XCRemoteSwiftPackageReference section */
		003BBC332C2ACDC100C3E2F3 /* XCRemoteSwiftPackageReference "PythonKit" */ = {
			isa = XCRemoteSwiftPackageReference;
			repositoryURL = "https://github.com/pvieito/PythonKit.git";
			requirement = {
				branch = master;
				kind = branch;
			};
		};
/* End XCRemoteSwiftPackageReference section */

/* Begin XCSwiftPackageProductDependency section */
		003BBC342C2ACDC100C3E2F3 /* PythonKit */ = {
			isa = XCSwiftPackageProductDependency;
			package = 003BBC332C2ACDC100C3E2F3 /* XCRemoteSwiftPackageReference "PythonKit" */;
			productName = PythonKit;
		};
		4E38E97C2C18A476009D14B2 /* RealityKitContent */ = {
			isa = XCSwiftPackageProductDependency;
			productName = RealityKitContent;
		};
		4EF967952C19E14B0041C0B6 /* PlayerCore */ = {
			isa = XCSwiftPackageProductDependency;
			package = 4EEA77AF2C19CBA400A761B3 /* XCLocalSwiftPackageReference "../PlayerCore" */;
			productName = PlayerCore;
		};
/* End XCSwiftPackageProductDependency section */
	};
	rootObject = 4E38E96F2C18A476009D14B2 /* Project object */;
}
